// !$*UTF8*$!
{
	archiveVersion = 1;
	classes = {
	};
	objectVersion = 46;
	objects = {

/* Begin PBXBuildFile section */
		061EA9C01EC4E97C002D1991 /* ItemCell.swift in Sources */ = {isa = PBXBuildFile; fileRef = 061EA9BF1EC4E97C002D1991 /* ItemCell.swift */; };
		067385211EC4C543004422DD /* AppDelegate.swift in Sources */ = {isa = PBXBuildFile; fileRef = 067385201EC4C543004422DD /* AppDelegate.swift */; };
		067385231EC4C543004422DD /* MainVC.swift in Sources */ = {isa = PBXBuildFile; fileRef = 067385221EC4C543004422DD /* MainVC.swift */; };
		067385261EC4C543004422DD /* Main.storyboard in Resources */ = {isa = PBXBuildFile; fileRef = 067385241EC4C543004422DD /* Main.storyboard */; };
		067385291EC4C543004422DD /* dreamCast.xcdatamodeld in Sources */ = {isa = PBXBuildFile; fileRef = 067385271EC4C543004422DD /* dreamCast.xcdatamodeld */; };
		0673852B1EC4C543004422DD /* Assets.xcassets in Resources */ = {isa = PBXBuildFile; fileRef = 0673852A1EC4C543004422DD /* Assets.xcassets */; };
		0673852E1EC4C543004422DD /* LaunchScreen.storyboard in Resources */ = {isa = PBXBuildFile; fileRef = 0673852C1EC4C543004422DD /* LaunchScreen.storyboard */; };
		0673853D1EC4CC69004422DD /* Item+CoreDataClass.swift in Sources */ = {isa = PBXBuildFile; fileRef = 067385351EC4CC69004422DD /* Item+CoreDataClass.swift */; };
		0673853E1EC4CC69004422DD /* Item+CoreDataProperties.swift in Sources */ = {isa = PBXBuildFile; fileRef = 067385361EC4CC69004422DD /* Item+CoreDataProperties.swift */; };
		0673853F1EC4CC69004422DD /* Image+CoreDataClass.swift in Sources */ = {isa = PBXBuildFile; fileRef = 067385371EC4CC69004422DD /* Image+CoreDataClass.swift */; };
		067385401EC4CC69004422DD /* Image+CoreDataProperties.swift in Sources */ = {isa = PBXBuildFile; fileRef = 067385381EC4CC69004422DD /* Image+CoreDataProperties.swift */; };
		067385411EC4CC69004422DD /* ItemType+CoreDataClass.swift in Sources */ = {isa = PBXBuildFile; fileRef = 067385391EC4CC69004422DD /* ItemType+CoreDataClass.swift */; };
		067385421EC4CC69004422DD /* ItemType+CoreDataProperties.swift in Sources */ = {isa = PBXBuildFile; fileRef = 0673853A1EC4CC69004422DD /* ItemType+CoreDataProperties.swift */; };
		067385431EC4CC69004422DD /* Store+CoreDataClass.swift in Sources */ = {isa = PBXBuildFile; fileRef = 0673853B1EC4CC69004422DD /* Store+CoreDataClass.swift */; };
		067385441EC4CC69004422DD /* Store+CoreDataProperties.swift in Sources */ = {isa = PBXBuildFile; fileRef = 0673853C1EC4CC69004422DD /* Store+CoreDataProperties.swift */; };
		067385481EC4DD27004422DD /* domoKun.jpg in Resources */ = {isa = PBXBuildFile; fileRef = 067385471EC4DD27004422DD /* domoKun.jpg */; };
		0673854B1EC4DDD8004422DD /* MetrialView.swift in Sources */ = {isa = PBXBuildFile; fileRef = 0673854A1EC4DDD8004422DD /* MetrialView.swift */; };
/* End PBXBuildFile section */

/* Begin PBXFileReference section */
		061EA9BF1EC4E97C002D1991 /* ItemCell.swift */ = {isa = PBXFileReference; fileEncoding = 4; lastKnownFileType = sourcecode.swift; path = ItemCell.swift; sourceTree = "<group>"; };
		0673851D1EC4C543004422DD /* dreamCast.app */ = {isa = PBXFileReference; explicitFileType = wrapper.application; includeInIndex = 0; path = dreamCast.app; sourceTree = BUILT_PRODUCTS_DIR; };
		067385201EC4C543004422DD /* AppDelegate.swift */ = {isa = PBXFileReference; lastKnownFileType = sourcecode.swift; path = AppDelegate.swift; sourceTree = "<group>"; };
		067385221EC4C543004422DD /* MainVC.swift */ = {isa = PBXFileReference; lastKnownFileType = sourcecode.swift; path = MainVC.swift; sourceTree = "<group>"; };
		067385251EC4C543004422DD /* Base */ = {isa = PBXFileReference; lastKnownFileType = file.storyboard; name = Base; path = Base.lproj/Main.storyboard; sourceTree = "<group>"; };
		067385281EC4C543004422DD /* dreamCast.xcdatamodel */ = {isa = PBXFileReference; lastKnownFileType = wrapper.xcdatamodel; path = dreamCast.xcdatamodel; sourceTree = "<group>"; };
		0673852A1EC4C543004422DD /* Assets.xcassets */ = {isa = PBXFileReference; lastKnownFileType = folder.assetcatalog; path = Assets.xcassets; sourceTree = "<group>"; };
		0673852D1EC4C543004422DD /* Base */ = {isa = PBXFileReference; lastKnownFileType = file.storyboard; name = Base; path = Base.lproj/LaunchScreen.storyboard; sourceTree = "<group>"; };
		0673852F1EC4C543004422DD /* Info.plist */ = {isa = PBXFileReference; lastKnownFileType = text.plist.xml; path = Info.plist; sourceTree = "<group>"; };
		067385351EC4CC69004422DD /* Item+CoreDataClass.swift */ = {isa = PBXFileReference; fileEncoding = 4; lastKnownFileType = sourcecode.swift; path = "Item+CoreDataClass.swift"; sourceTree = "<group>"; };
		067385361EC4CC69004422DD /* Item+CoreDataProperties.swift */ = {isa = PBXFileReference; fileEncoding = 4; lastKnownFileType = sourcecode.swift; path = "Item+CoreDataProperties.swift"; sourceTree = "<group>"; };
		067385371EC4CC69004422DD /* Image+CoreDataClass.swift */ = {isa = PBXFileReference; fileEncoding = 4; lastKnownFileType = sourcecode.swift; path = "Image+CoreDataClass.swift"; sourceTree = "<group>"; };
		067385381EC4CC69004422DD /* Image+CoreDataProperties.swift */ = {isa = PBXFileReference; fileEncoding = 4; lastKnownFileType = sourcecode.swift; path = "Image+CoreDataProperties.swift"; sourceTree = "<group>"; };
		067385391EC4CC69004422DD /* ItemType+CoreDataClass.swift */ = {isa = PBXFileReference; fileEncoding = 4; lastKnownFileType = sourcecode.swift; path = "ItemType+CoreDataClass.swift"; sourceTree = "<group>"; };
		0673853A1EC4CC69004422DD /* ItemType+CoreDataProperties.swift */ = {isa = PBXFileReference; fileEncoding = 4; lastKnownFileType = sourcecode.swift; path = "ItemType+CoreDataProperties.swift"; sourceTree = "<group>"; };
		0673853B1EC4CC69004422DD /* Store+CoreDataClass.swift */ = {isa = PBXFileReference; fileEncoding = 4; lastKnownFileType = sourcecode.swift; path = "Store+CoreDataClass.swift"; sourceTree = "<group>"; };
		0673853C1EC4CC69004422DD /* Store+CoreDataProperties.swift */ = {isa = PBXFileReference; fileEncoding = 4; lastKnownFileType = sourcecode.swift; path = "Store+CoreDataProperties.swift"; sourceTree = "<group>"; };
		067385471EC4DD27004422DD /* domoKun.jpg */ = {isa = PBXFileReference; lastKnownFileType = image.jpeg; path = domoKun.jpg; sourceTree = "<group>"; };
		0673854A1EC4DDD8004422DD /* MetrialView.swift */ = {isa = PBXFileReference; fileEncoding = 4; lastKnownFileType = sourcecode.swift; path = MetrialView.swift; sourceTree = "<group>"; };
/* End PBXFileReference section */

/* Begin PBXFrameworksBuildPhase section */
		0673851A1EC4C543004422DD /* Frameworks */ = {
			isa = PBXFrameworksBuildPhase;
			buildActionMask = 2147483647;
			files = (
			);
			runOnlyForDeploymentPostprocessing = 0;
		};
/* End PBXFrameworksBuildPhase section */

/* Begin PBXGroup section */
		067385141EC4C543004422DD = {
			isa = PBXGroup;
			children = (
				0673851F1EC4C543004422DD /* dreamCast */,
				0673851E1EC4C543004422DD /* Products */,
			);
			sourceTree = "<group>";
		};
		0673851E1EC4C543004422DD /* Products */ = {
			isa = PBXGroup;
			children = (
				0673851D1EC4C543004422DD /* dreamCast.app */,
			);
			name = Products;
			sourceTree = "<group>";
		};
		0673851F1EC4C543004422DD /* dreamCast */ = {
			isa = PBXGroup;
			children = (
				067385491EC4DD8D004422DD /* View */,
				067385451EC4CC73004422DD /* model */,
				067385201EC4C543004422DD /* AppDelegate.swift */,
				067385221EC4C543004422DD /* MainVC.swift */,
				067385241EC4C543004422DD /* Main.storyboard */,
				067385471EC4DD27004422DD /* domoKun.jpg */,
				0673852A1EC4C543004422DD /* Assets.xcassets */,
				0673852C1EC4C543004422DD /* LaunchScreen.storyboard */,
				0673852F1EC4C543004422DD /* Info.plist */,
				067385271EC4C543004422DD /* dreamCast.xcdatamodeld */,
			);
			path = dreamCast;
			sourceTree = "<group>";
		};
		067385451EC4CC73004422DD /* model */ = {
			isa = PBXGroup;
			children = (
				067385351EC4CC69004422DD /* Item+CoreDataClass.swift */,
				067385371EC4CC69004422DD /* Image+CoreDataClass.swift */,
				067385391EC4CC69004422DD /* ItemType+CoreDataClass.swift */,
				0673853B1EC4CC69004422DD /* Store+CoreDataClass.swift */,
				067385461EC4CC78004422DD /* genertayed */,
			);
			name = model;
			sourceTree = "<group>";
		};
		067385461EC4CC78004422DD /* genertayed */ = {
			isa = PBXGroup;
			children = (
				067385361EC4CC69004422DD /* Item+CoreDataProperties.swift */,
				067385381EC4CC69004422DD /* Image+CoreDataProperties.swift */,
				0673853A1EC4CC69004422DD /* ItemType+CoreDataProperties.swift */,
				0673853C1EC4CC69004422DD /* Store+CoreDataProperties.swift */,
			);
			name = genertayed;
			sourceTree = "<group>";
		};
		067385491EC4DD8D004422DD /* View */ = {
			isa = PBXGroup;
			children = (
				0673854A1EC4DDD8004422DD /* MetrialView.swift */,
				061EA9BF1EC4E97C002D1991 /* ItemCell.swift */,
			);
			name = View;
			sourceTree = "<group>";
		};
/* End PBXGroup section */

/* Begin PBXNativeTarget section */
		0673851C1EC4C543004422DD /* dreamCast */ = {
			isa = PBXNativeTarget;
			buildConfigurationList = 067385321EC4C543004422DD /* Build configuration list for PBXNativeTarget "dreamCast" */;
			buildPhases = (
				067385191EC4C543004422DD /* Sources */,
				0673851A1EC4C543004422DD /* Frameworks */,
				0673851B1EC4C543004422DD /* Resources */,
			);
			buildRules = (
			);
			dependencies = (
			);
			name = dreamCast;
			productName = dreamCast;
			productReference = 0673851D1EC4C543004422DD /* dreamCast.app */;
			productType = "com.apple.product-type.application";
		};
/* End PBXNativeTarget section */

/* Begin PBXProject section */
		067385151EC4C543004422DD /* Project object */ = {
			isa = PBXProject;
			attributes = {
				LastSwiftUpdateCheck = 0820;
				LastUpgradeCheck = 0820;
				ORGANIZATIONNAME = "oskar ljungdahl";
				TargetAttributes = {
					0673851C1EC4C543004422DD = {
						CreatedOnToolsVersion = 8.2.1;
						DevelopmentTeam = HFRBUUM266;
						ProvisioningStyle = Automatic;
					};
				};
			};
			buildConfigurationList = 067385181EC4C543004422DD /* Build configuration list for PBXProject "dreamCast" */;
			compatibilityVersion = "Xcode 3.2";
			developmentRegion = English;
			hasScannedForEncodings = 0;
			knownRegions = (
				en,
				Base,
			);
			mainGroup = 067385141EC4C543004422DD;
			productRefGroup = 0673851E1EC4C543004422DD /* Products */;
			projectDirPath = "";
			projectRoot = "";
			targets = (
				0673851C1EC4C543004422DD /* dreamCast */,
			);
		};
/* End PBXProject section */

/* Begin PBXResourcesBuildPhase section */
		0673851B1EC4C543004422DD /* Resources */ = {
			isa = PBXResourcesBuildPhase;
			buildActionMask = 2147483647;
			files = (
				0673852E1EC4C543004422DD /* LaunchScreen.storyboard in Resources */,
				0673852B1EC4C543004422DD /* Assets.xcassets in Resources */,
				067385261EC4C543004422DD /* Main.storyboard in Resources */,
				067385481EC4DD27004422DD /* domoKun.jpg in Resources */,
			);
			runOnlyForDeploymentPostprocessing = 0;
		};
/* End PBXResourcesBuildPhase section */

/* Begin PBXSourcesBuildPhase section */
		067385191EC4C543004422DD /* Sources */ = {
			isa = PBXSourcesBuildPhase;
			buildActionMask = 2147483647;
			files = (
				067385231EC4C543004422DD /* MainVC.swift in Sources */,
				061EA9C01EC4E97C002D1991 /* ItemCell.swift in Sources */,
				0673854B1EC4DDD8004422DD /* MetrialView.swift in Sources */,
				067385211EC4C543004422DD /* AppDelegate.swift in Sources */,
				067385421EC4CC69004422DD /* ItemType+CoreDataProperties.swift in Sources */,
				0673853D1EC4CC69004422DD /* Item+CoreDataClass.swift in Sources */,
				067385441EC4CC69004422DD /* Store+CoreDataProperties.swift in Sources */,
				0673853F1EC4CC69004422DD /* Image+CoreDataClass.swift in Sources */,
				067385411EC4CC69004422DD /* ItemType+CoreDataClass.swift in Sources */,
				067385291EC4C543004422DD /* dreamCast.xcdatamodeld in Sources */,
				067385431EC4CC69004422DD /* Store+CoreDataClass.swift in Sources */,
				0673853E1EC4CC69004422DD /* Item+CoreDataProperties.swift in Sources */,
				067385401EC4CC69004422DD /* Image+CoreDataProperties.swift in Sources */,
			);
			runOnlyForDeploymentPostprocessing = 0;
		};
/* End PBXSourcesBuildPhase section */

/* Begin PBXVariantGroup section */
		067385241EC4C543004422DD /* Main.storyboard */ = {
			isa = PBXVariantGroup;
			children = (
				067385251EC4C543004422DD /* Base */,
			);
			name = Main.storyboard;
			sourceTree = "<group>";
		};
		0673852C1EC4C543004422DD /* LaunchScreen.storyboard */ = {
			isa = PBXVariantGroup;
			children = (
				0673852D1EC4C543004422DD /* Base */,
			);
			name = LaunchScreen.storyboard;
			sourceTree = "<group>";
		};
/* End PBXVariantGroup section */

/* Begin XCBuildConfiguration section */
		067385301EC4C543004422DD /* Debug */ = {
			isa = XCBuildConfiguration;
			buildSettings = {
				ALWAYS_SEARCH_USER_PATHS = NO;
				CLANG_ANALYZER_NONNULL = YES;
				CLANG_CXX_LANGUAGE_STANDARD = "gnu++0x";
				CLANG_CXX_LIBRARY = "libc++";
				CLANG_ENABLE_MODULES = YES;
				CLANG_ENABLE_OBJC_ARC = YES;
				CLANG_WARN_BOOL_CONVERSION = YES;
				CLANG_WARN_CONSTANT_CONVERSION = YES;
				CLANG_WARN_DIRECT_OBJC_ISA_USAGE = YES_ERROR;
				CLANG_WARN_DOCUMENTATION_COMMENTS = YES;
				CLANG_WARN_EMPTY_BODY = YES;
				CLANG_WARN_ENUM_CONVERSION = YES;
				CLANG_WARN_INFINITE_RECURSION = YES;
				CLANG_WARN_INT_CONVERSION = YES;
				CLANG_WARN_OBJC_ROOT_CLASS = YES_ERROR;
				CLANG_WARN_SUSPICIOUS_MOVE = YES;
				CLANG_WARN_UNREACHABLE_CODE = YES;
				CLANG_WARN__DUPLICATE_METHOD_MATCH = YES;
				"CODE_SIGN_IDENTITY[sdk=iphoneos*]" = "iPhone Developer";
				COPY_PHASE_STRIP = NO;
				DEBUG_INFORMATION_FORMAT = dwarf;
				ENABLE_STRICT_OBJC_MSGSEND = YES;
				ENABLE_TESTABILITY = YES;
				GCC_C_LANGUAGE_STANDARD = gnu99;
				GCC_DYNAMIC_NO_PIC = NO;
				GCC_NO_COMMON_BLOCKS = YES;
				GCC_OPTIMIZATION_LEVEL = 0;
				GCC_PREPROCESSOR_DEFINITIONS = (
					"DEBUG=1",
					"$(inherited)",
				);
				GCC_WARN_64_TO_32_BIT_CONVERSION = YES;
				GCC_WARN_ABOUT_RETURN_TYPE = YES_ERROR;
				GCC_WARN_UNDECLARED_SELECTOR = YES;
				GCC_WARN_UNINITIALIZED_AUTOS = YES_AGGRESSIVE;
				GCC_WARN_UNUSED_FUNCTION = YES;
				GCC_WARN_UNUSED_VARIABLE = YES;
				IPHONEOS_DEPLOYMENT_TARGET = 10.2;
				MTL_ENABLE_DEBUG_INFO = YES;
				ONLY_ACTIVE_ARCH = YES;
				SDKROOT = iphoneos;
				SWIFT_ACTIVE_COMPILATION_CONDITIONS = DEBUG;
				SWIFT_OPTIMIZATION_LEVEL = "-Onone";
			};
			name = Debug;
		};
		067385311EC4C543004422DD /* Release */ = {
			isa = XCBuildConfiguration;
			buildSettings = {
				ALWAYS_SEARCH_USER_PATHS = NO;
				CLANG_ANALYZER_NONNULL = YES;
				CLANG_CXX_LANGUAGE_STANDARD = "gnu++0x";
				CLANG_CXX_LIBRARY = "libc++";
				CLANG_ENABLE_MODULES = YES;
				CLANG_ENABLE_OBJC_ARC = YES;
				CLANG_WARN_BOOL_CONVERSION = YES;
				CLANG_WARN_CONSTANT_CONVERSION = YES;
				CLANG_WARN_DIRECT_OBJC_ISA_USAGE = YES_ERROR;
				CLANG_WARN_DOCUMENTATION_COMMENTS = YES;
				CLANG_WARN_EMPTY_BODY = YES;
				CLANG_WARN_ENUM_CONVERSION = YES;
				CLANG_WARN_INFINITE_RECURSION = YES;
				CLANG_WARN_INT_CONVERSION = YES;
				CLANG_WARN_OBJC_ROOT_CLASS = YES_ERROR;
				CLANG_WARN_SUSPICIOUS_MOVE = YES;
				CLANG_WARN_UNREACHABLE_CODE = YES;
				CLANG_WARN__DUPLICATE_METHOD_MATCH = YES;
				"CODE_SIGN_IDENTITY[sdk=iphoneos*]" = "iPhone Developer";
				COPY_PHASE_STRIP = NO;
				DEBUG_INFORMATION_FORMAT = "dwarf-with-dsym";
				ENABLE_NS_ASSERTIONS = NO;
				ENABLE_STRICT_OBJC_MSGSEND = YES;
				GCC_C_LANGUAGE_STANDARD = gnu99;
				GCC_NO_COMMON_BLOCKS = YES;
				GCC_WARN_64_TO_32_BIT_CONVERSION = YES;
				GCC_WARN_ABOUT_RETURN_TYPE = YES_ERROR;
				GCC_WARN_UNDECLARED_SELECTOR = YES;
				GCC_WARN_UNINITIALIZED_AUTOS = YES_AGGRESSIVE;
				GCC_WARN_UNUSED_FUNCTION = YES;
				GCC_WARN_UNUSED_VARIABLE = YES;
				IPHONEOS_DEPLOYMENT_TARGET = 10.2;
				MTL_ENABLE_DEBUG_INFO = NO;
				SDKROOT = iphoneos;
				SWIFT_OPTIMIZATION_LEVEL = "-Owholemodule";
				VALIDATE_PRODUCT = YES;
			};
			name = Release;
		};
		067385331EC4C543004422DD /* Debug */ = {
			isa = XCBuildConfiguration;
			buildSettings = {
				ASSETCATALOG_COMPILER_APPICON_NAME = AppIcon;
				DEVELOPMENT_TEAM = HFRBUUM266;
				INFOPLIST_FILE = dreamCast/Info.plist;
				LD_RUNPATH_SEARCH_PATHS = "$(inherited) @executable_path/Frameworks";
				PRODUCT_BUNDLE_IDENTIFIER = se.oskarljungdahl.dreamCast;
				PRODUCT_NAME = "$(TARGET_NAME)";
				SWIFT_VERSION = 3.0;
			};
			name = Debug;
		};
		067385341EC4C543004422DD /* Release */ = {
			isa = XCBuildConfiguration;
			buildSettings = {
				ASSETCATALOG_COMPILER_APPICON_NAME = AppIcon;
				DEVELOPMENT_TEAM = HFRBUUM266;
				INFOPLIST_FILE = dreamCast/Info.plist;
				LD_RUNPATH_SEARCH_PATHS = "$(inherited) @executable_path/Frameworks";
				PRODUCT_BUNDLE_IDENTIFIER = se.oskarljungdahl.dreamCast;
				PRODUCT_NAME = "$(TARGET_NAME)";
				SWIFT_VERSION = 3.0;
			};
			name = Release;
		};
/* End XCBuildConfiguration section */

/* Begin XCConfigurationList section */
		067385181EC4C543004422DD /* Build configuration list for PBXProject "dreamCast" */ = {
			isa = XCConfigurationList;
			buildConfigurations = (
				067385301EC4C543004422DD /* Debug */,
				067385311EC4C543004422DD /* Release */,
			);
			defaultConfigurationIsVisible = 0;
			defaultConfigurationName = Release;
		};
		067385321EC4C543004422DD /* Build configuration list for PBXNativeTarget "dreamCast" */ = {
			isa = XCConfigurationList;
			buildConfigurations = (
				067385331EC4C543004422DD /* Debug */,
				067385341EC4C543004422DD /* Release */,
			);
			defaultConfigurationIsVisible = 0;
			defaultConfigurationName = Release;
		};
/* End XCConfigurationList section */

/* Begin XCVersionGroup section */
		067385271EC4C543004422DD /* dreamCast.xcdatamodeld */ = {
			isa = XCVersionGroup;
			children = (
				067385281EC4C543004422DD /* dreamCast.xcdatamodel */,
			);
			currentVersion = 067385281EC4C543004422DD /* dreamCast.xcdatamodel */;
			path = dreamCast.xcdatamodeld;
			sourceTree = "<group>";
			versionGroupType = wrapper.xcdatamodel;
		};
/* End XCVersionGroup section */
	};
	rootObject = 067385151EC4C543004422DD /* Project object */;
}
